// !$*UTF8*$!
{
	archiveVersion = 1;
	classes = {
	};
	objectVersion = 50;
	objects = {

/* Begin PBXBuildFile section */
		3FFC56E7262410DC00E6E5AE /* AppDelegate.swift in Sources */ = {isa = PBXBuildFile; fileRef = 3FFC56E6262410DC00E6E5AE /* AppDelegate.swift */; };
		3FFC56E9262410DC00E6E5AE /* SceneDelegate.swift in Sources */ = {isa = PBXBuildFile; fileRef = 3FFC56E8262410DC00E6E5AE /* SceneDelegate.swift */; };
		3FFC56EB262410DC00E6E5AE /* ViewController.swift in Sources */ = {isa = PBXBuildFile; fileRef = 3FFC56EA262410DC00E6E5AE /* ViewController.swift */; };
		3FFC56EE262410DC00E6E5AE /* Main.storyboard in Resources */ = {isa = PBXBuildFile; fileRef = 3FFC56EC262410DC00E6E5AE /* Main.storyboard */; };
		3FFC56F0262410DC00E6E5AE /* Assets.xcassets in Resources */ = {isa = PBXBuildFile; fileRef = 3FFC56EF262410DC00E6E5AE /* Assets.xcassets */; };
		3FFC56F3262410DC00E6E5AE /* LaunchScreen.storyboard in Resources */ = {isa = PBXBuildFile; fileRef = 3FFC56F1262410DC00E6E5AE /* LaunchScreen.storyboard */; };
		3FFC56FE262410DC00E6E5AE /* Cat_DemoTests.swift in Sources */ = {isa = PBXBuildFile; fileRef = 3FFC56FD262410DC00E6E5AE /* Cat_DemoTests.swift */; };
		3FFC5709262410DC00E6E5AE /* Cat_DemoUITests.swift in Sources */ = {isa = PBXBuildFile; fileRef = 3FFC5708262410DC00E6E5AE /* Cat_DemoUITests.swift */; };
		3FFC5725262411B900E6E5AE /* CatModels.swift in Sources */ = {isa = PBXBuildFile; fileRef = 3FFC5724262411B900E6E5AE /* CatModels.swift */; };
		3FFC572D262412DF00E6E5AE /* ViewModel.swift in Sources */ = {isa = PBXBuildFile; fileRef = 3FFC572C262412DF00E6E5AE /* ViewModel.swift */; };
		936C77B82F490C64006DDBF0 /* HTTPMethod.swift in Sources */ = {isa = PBXBuildFile; fileRef = 936C77B42F490C64006DDBF0 /* HTTPMethod.swift */; };
		936C77B92F490C64006DDBF0 /* APIEndpoint.swift in Sources */ = {isa = PBXBuildFile; fileRef = 936C77B22F490C64006DDBF0 /* APIEndpoint.swift */; };
		936C77BA2F490C64006DDBF0 /* CatAPIEndpoints.swift in Sources */ = {isa = PBXBuildFile; fileRef = 936C77B32F490C64006DDBF0 /* CatAPIEndpoints.swift */; };
		936C77BB2F490C64006DDBF0 /* NetworkError.swift in Sources */ = {isa = PBXBuildFile; fileRef = 936C77B52F490C64006DDBF0 /* NetworkError.swift */; };
		936C77BC2F490C64006DDBF0 /* URLSessioning.swift in Sources */ = {isa = PBXBuildFile; fileRef = 936C77B62F490C64006DDBF0 /* URLSessioning.swift */; };
		936C77C22F491000006DDBF0 /* APIClient.swift in Sources */ = {isa = PBXBuildFile; fileRef = 936C77BD2F491000006DDBF0 /* APIClient.swift */; };
		936C77C32F491000006DDBF0 /* CatBreedsRepository.swift in Sources */ = {isa = PBXBuildFile; fileRef = 936C77BE2F491000006DDBF0 /* CatBreedsRepository.swift */; };
		936C77C42F491000006DDBF0 /* CatImagesRepository.swift in Sources */ = {isa = PBXBuildFile; fileRef = 936C77BF2F491000006DDBF0 /* CatImagesRepository.swift */; };
		936C77C52F491000006DDBF0 /* FetchAllCatBreedsUseCase.swift in Sources */ = {isa = PBXBuildFile; fileRef = 936C77C02F491000006DDBF0 /* FetchAllCatBreedsUseCase.swift */; };
		936C77C62F491000006DDBF0 /* FetchCatImageUseCase.swift in Sources */ = {isa = PBXBuildFile; fileRef = 936C77C12F491000006DDBF0 /* FetchCatImageUseCase.swift */; };
		936C77DE2F4926A6006DDBF0 /* CatBreedsRepositoryProtocol.swift in Sources */ = {isa = PBXBuildFile; fileRef = 936C77DC2F4926A6006DDBF0 /* CatBreedsRepositoryProtocol.swift */; };
		936C77DF2F4926A6006DDBF0 /* CatImagesRepositoryProtocol.swift in Sources */ = {isa = PBXBuildFile; fileRef = 936C77DD2F4926A6006DDBF0 /* CatImagesRepositoryProtocol.swift */; };
		936C77F32F495000006DDBF0 /* AppCompositionRoot.swift in Sources */ = {isa = PBXBuildFile; fileRef = 936C77F22F495000006DDBF0 /* AppCompositionRoot.swift */; };
/* End PBXBuildFile section */

/* Begin PBXContainerItemProxy section */
		3FFC56FA262410DC00E6E5AE /* PBXContainerItemProxy */ = {
			isa = PBXContainerItemProxy;
			containerPortal = 3FFC56DB262410DC00E6E5AE /* Project object */;
			proxyType = 1;
			remoteGlobalIDString = 3FFC56E2262410DC00E6E5AE;
			remoteInfo = "Cat-Demo";
		};
		3FFC5705262410DC00E6E5AE /* PBXContainerItemProxy */ = {
			isa = PBXContainerItemProxy;
			containerPortal = 3FFC56DB262410DC00E6E5AE /* Project object */;
			proxyType = 1;
			remoteGlobalIDString = 3FFC56E2262410DC00E6E5AE;
			remoteInfo = "Cat-Demo";
		};
/* End PBXContainerItemProxy section */

/* Begin PBXFileReference section */
		3FFC56E3262410DC00E6E5AE /* Cat-Demo.app */ = {isa = PBXFileReference; explicitFileType = wrapper.application; includeInIndex = 0; path = "Cat-Demo.app"; sourceTree = BUILT_PRODUCTS_DIR; };
		3FFC56E6262410DC00E6E5AE /* AppDelegate.swift */ = {isa = PBXFileReference; lastKnownFileType = sourcecode.swift; path = AppDelegate.swift; sourceTree = "<group>"; };
		3FFC56E8262410DC00E6E5AE /* SceneDelegate.swift */ = {isa = PBXFileReference; lastKnownFileType = sourcecode.swift; path = SceneDelegate.swift; sourceTree = "<group>"; };
		3FFC56EA262410DC00E6E5AE /* ViewController.swift */ = {isa = PBXFileReference; lastKnownFileType = sourcecode.swift; path = ViewController.swift; sourceTree = "<group>"; };
		3FFC56ED262410DC00E6E5AE /* Base */ = {isa = PBXFileReference; lastKnownFileType = file.storyboard; name = Base; path = Base.lproj/Main.storyboard; sourceTree = "<group>"; };
		3FFC56EF262410DC00E6E5AE /* Assets.xcassets */ = {isa = PBXFileReference; lastKnownFileType = folder.assetcatalog; path = Assets.xcassets; sourceTree = "<group>"; };
		3FFC56F2262410DC00E6E5AE /* Base */ = {isa = PBXFileReference; lastKnownFileType = file.storyboard; name = Base; path = Base.lproj/LaunchScreen.storyboard; sourceTree = "<group>"; };
		3FFC56F4262410DC00E6E5AE /* Info.plist */ = {isa = PBXFileReference; lastKnownFileType = text.plist.xml; path = Info.plist; sourceTree = "<group>"; };
		3FFC56F9262410DC00E6E5AE /* Cat-DemoTests.xctest */ = {isa = PBXFileReference; explicitFileType = wrapper.cfbundle; includeInIndex = 0; path = "Cat-DemoTests.xctest"; sourceTree = BUILT_PRODUCTS_DIR; };
		3FFC56FD262410DC00E6E5AE /* Cat_DemoTests.swift */ = {isa = PBXFileReference; lastKnownFileType = sourcecode.swift; path = Cat_DemoTests.swift; sourceTree = "<group>"; };
		3FFC56FF262410DC00E6E5AE /* Info.plist */ = {isa = PBXFileReference; lastKnownFileType = text.plist.xml; path = Info.plist; sourceTree = "<group>"; };
		3FFC5704262410DC00E6E5AE /* Cat-DemoUITests.xctest */ = {isa = PBXFileReference; explicitFileType = wrapper.cfbundle; includeInIndex = 0; path = "Cat-DemoUITests.xctest"; sourceTree = BUILT_PRODUCTS_DIR; };
		3FFC5708262410DC00E6E5AE /* Cat_DemoUITests.swift */ = {isa = PBXFileReference; lastKnownFileType = sourcecode.swift; path = Cat_DemoUITests.swift; sourceTree = "<group>"; };
		3FFC570A262410DC00E6E5AE /* Info.plist */ = {isa = PBXFileReference; lastKnownFileType = text.plist.xml; path = Info.plist; sourceTree = "<group>"; };
		3FFC5724262411B900E6E5AE /* CatModels.swift */ = {isa = PBXFileReference; lastKnownFileType = sourcecode.swift; path = CatModels.swift; sourceTree = "<group>"; };
		3FFC572C262412DF00E6E5AE /* ViewModel.swift */ = {isa = PBXFileReference; lastKnownFileType = sourcecode.swift; path = ViewModel.swift; sourceTree = "<group>"; };
		936C77B22F490C64006DDBF0 /* APIEndpoint.swift */ = {isa = PBXFileReference; lastKnownFileType = sourcecode.swift; path = APIEndpoint.swift; sourceTree = "<group>"; };
		936C77B32F490C64006DDBF0 /* CatAPIEndpoints.swift */ = {isa = PBXFileReference; lastKnownFileType = sourcecode.swift; path = CatAPIEndpoints.swift; sourceTree = "<group>"; };
		936C77B42F490C64006DDBF0 /* HTTPMethod.swift */ = {isa = PBXFileReference; lastKnownFileType = sourcecode.swift; path = HTTPMethod.swift; sourceTree = "<group>"; };
		936C77B52F490C64006DDBF0 /* NetworkError.swift */ = {isa = PBXFileReference; lastKnownFileType = sourcecode.swift; path = NetworkError.swift; sourceTree = "<group>"; };
		936C77B62F490C64006DDBF0 /* URLSessioning.swift */ = {isa = PBXFileReference; lastKnownFileType = sourcecode.swift; path = URLSessioning.swift; sourceTree = "<group>"; };
		936C77BD2F491000006DDBF0 /* APIClient.swift */ = {isa = PBXFileReference; lastKnownFileType = sourcecode.swift; path = APIClient.swift; sourceTree = "<group>"; };
		936C77BE2F491000006DDBF0 /* CatBreedsRepository.swift */ = {isa = PBXFileReference; lastKnownFileType = sourcecode.swift; path = CatBreedsRepository.swift; sourceTree = "<group>"; };
		936C77BF2F491000006DDBF0 /* CatImagesRepository.swift */ = {isa = PBXFileReference; lastKnownFileType = sourcecode.swift; path = CatImagesRepository.swift; sourceTree = "<group>"; };
		936C77C02F491000006DDBF0 /* FetchAllCatBreedsUseCase.swift */ = {isa = PBXFileReference; lastKnownFileType = sourcecode.swift; path = FetchAllCatBreedsUseCase.swift; sourceTree = "<group>"; };
		936C77C12F491000006DDBF0 /* FetchCatImageUseCase.swift */ = {isa = PBXFileReference; lastKnownFileType = sourcecode.swift; path = FetchCatImageUseCase.swift; sourceTree = "<group>"; };
		936C77DC2F4926A6006DDBF0 /* CatBreedsRepositoryProtocol.swift */ = {isa = PBXFileReference; lastKnownFileType = sourcecode.swift; path = CatBreedsRepositoryProtocol.swift; sourceTree = "<group>"; };
		936C77DD2F4926A6006DDBF0 /* CatImagesRepositoryProtocol.swift */ = {isa = PBXFileReference; lastKnownFileType = sourcecode.swift; path = CatImagesRepositoryProtocol.swift; sourceTree = "<group>"; };
		936C77F22F495000006DDBF0 /* AppCompositionRoot.swift */ = {isa = PBXFileReference; lastKnownFileType = sourcecode.swift; path = AppCompositionRoot.swift; sourceTree = "<group>"; };
/* End PBXFileReference section */

/* Begin PBXFrameworksBuildPhase section */
		3FFC56E0262410DC00E6E5AE /* Frameworks */ = {
			isa = PBXFrameworksBuildPhase;
			buildActionMask = 2147483647;
			files = (
			);
			runOnlyForDeploymentPostprocessing = 0;
		};
		3FFC56F6262410DC00E6E5AE /* Frameworks */ = {
			isa = PBXFrameworksBuildPhase;
			buildActionMask = 2147483647;
			files = (
			);
			runOnlyForDeploymentPostprocessing = 0;
		};
		3FFC5701262410DC00E6E5AE /* Frameworks */ = {
			isa = PBXFrameworksBuildPhase;
			buildActionMask = 2147483647;
			files = (
			);
			runOnlyForDeploymentPostprocessing = 0;
		};
/* End PBXFrameworksBuildPhase section */

/* Begin PBXGroup section */
		3FFC56DA262410DC00E6E5AE = {
			isa = PBXGroup;
			children = (
				3FFC56E5262410DC00E6E5AE /* Cat-Demo */,
				3FFC56FC262410DC00E6E5AE /* Cat-DemoTests */,
				3FFC5707262410DC00E6E5AE /* Cat-DemoUITests */,
				3FFC56E4262410DC00E6E5AE /* Products */,
			);
			sourceTree = "<group>";
		};
		3FFC56E4262410DC00E6E5AE /* Products */ = {
			isa = PBXGroup;
			children = (
				3FFC56E3262410DC00E6E5AE /* Cat-Demo.app */,
				3FFC56F9262410DC00E6E5AE /* Cat-DemoTests.xctest */,
				3FFC5704262410DC00E6E5AE /* Cat-DemoUITests.xctest */,
			);
			name = Products;
			sourceTree = "<group>";
		};
		3FFC56E5262410DC00E6E5AE /* Cat-Demo */ = {
			isa = PBXGroup;
			children = (
				3FFC56F4262410DC00E6E5AE /* Info.plist */,
				936C77F12F495000006DDBF0 /* CompositionRoot */,
				936C77E02F4926A6006DDBF0 /* Data */,
				936C77D02F492077006DDBF0 /* Domain */,
				3FFC571B2624117800E6E5AE /* Data Models */,
				3FFC571A2624116F00E6E5AE /* Networking */,
				3FFC57192624115F00E6E5AE /* User Interface */,
			);
			path = "Cat-Demo";
			sourceTree = "<group>";
		};
		3FFC56FC262410DC00E6E5AE /* Cat-DemoTests */ = {
			isa = PBXGroup;
			children = (
				3FFC56FD262410DC00E6E5AE /* Cat_DemoTests.swift */,
				3FFC56FF262410DC00E6E5AE /* Info.plist */,
			);
			path = "Cat-DemoTests";
			sourceTree = "<group>";
		};
		3FFC5707262410DC00E6E5AE /* Cat-DemoUITests */ = {
			isa = PBXGroup;
			children = (
				3FFC5708262410DC00E6E5AE /* Cat_DemoUITests.swift */,
				3FFC570A262410DC00E6E5AE /* Info.plist */,
			);
			path = "Cat-DemoUITests";
			sourceTree = "<group>";
		};
		3FFC57192624115F00E6E5AE /* User Interface */ = {
			isa = PBXGroup;
			children = (
				3FFC56E6262410DC00E6E5AE /* AppDelegate.swift */,
				3FFC56EF262410DC00E6E5AE /* Assets.xcassets */,
				3FFC56EA262410DC00E6E5AE /* ViewController.swift */,
				3FFC572C262412DF00E6E5AE /* ViewModel.swift */,
				3FFC56F1262410DC00E6E5AE /* LaunchScreen.storyboard */,
				3FFC56EC262410DC00E6E5AE /* Main.storyboard */,
				3FFC56E8262410DC00E6E5AE /* SceneDelegate.swift */,
			);
			path = "User Interface";
			sourceTree = "<group>";
		};
		3FFC571A2624116F00E6E5AE /* Networking */ = {
			isa = PBXGroup;
			children = (
				936C77BD2F491000006DDBF0 /* APIClient.swift */,
				936C77B72F490C64006DDBF0 /* Core */,
			);
			path = Networking;
			sourceTree = "<group>";
		};
		936C77F12F495000006DDBF0 /* CompositionRoot */ = {
			isa = PBXGroup;
			children = (
				936C77F22F495000006DDBF0 /* AppCompositionRoot.swift */,
			);
			path = CompositionRoot;
			sourceTree = "<group>";
		};
		3FFC571B2624117800E6E5AE /* Data Models */ = {
			isa = PBXGroup;
			children = (
				3FFC5724262411B900E6E5AE /* CatModels.swift */,
			);
			path = "Data Models";
			sourceTree = "<group>";
		};
		936C77B72F490C64006DDBF0 /* Core */ = {
			isa = PBXGroup;
			children = (
				936C77B22F490C64006DDBF0 /* APIEndpoint.swift */,
				936C77B32F490C64006DDBF0 /* CatAPIEndpoints.swift */,
				936C77B42F490C64006DDBF0 /* HTTPMethod.swift */,
				936C77B52F490C64006DDBF0 /* NetworkError.swift */,
				936C77B62F490C64006DDBF0 /* URLSessioning.swift */,
			);
			path = Core;
			sourceTree = "<group>";
		};
		936C77D02F492077006DDBF0 /* Domain */ = {
			isa = PBXGroup;
			children = (
				936C77E22F4926A6006DDBF0 /* Repositories */,
				936C77D12F492077006DDBF0 /* UseCases */,
			);
			path = Domain;
			sourceTree = "<group>";
		};
		936C77D12F492077006DDBF0 /* UseCases */ = {
			isa = PBXGroup;
			children = (
				936C77C02F491000006DDBF0 /* FetchAllCatBreedsUseCase.swift */,
				936C77C12F491000006DDBF0 /* FetchCatImageUseCase.swift */,
			);
			path = UseCases;
			sourceTree = "<group>";
		};
		936C77E02F4926A6006DDBF0 /* Data */ = {
			isa = PBXGroup;
			children = (
				936C77E12F4926A6006DDBF0 /* Repositories */,
			);
			path = Data;
			sourceTree = "<group>";
		};
		936C77E12F4926A6006DDBF0 /* Repositories */ = {
			isa = PBXGroup;
			children = (
				936C77BE2F491000006DDBF0 /* CatBreedsRepository.swift */,
				936C77BF2F491000006DDBF0 /* CatImagesRepository.swift */,
			);
			path = Repositories;
			sourceTree = "<group>";
		};
		936C77E22F4926A6006DDBF0 /* Repositories */ = {
			isa = PBXGroup;
			children = (
				936C77DC2F4926A6006DDBF0 /* CatBreedsRepositoryProtocol.swift */,
				936C77DD2F4926A6006DDBF0 /* CatImagesRepositoryProtocol.swift */,
			);
			path = Repositories;
			sourceTree = "<group>";
		};
/* End PBXGroup section */

/* Begin PBXNativeTarget section */
		3FFC56E2262410DC00E6E5AE /* Cat-Demo */ = {
			isa = PBXNativeTarget;
			buildConfigurationList = 3FFC570D262410DC00E6E5AE /* Build configuration list for PBXNativeTarget "Cat-Demo" */;
			buildPhases = (
				3FFC56DF262410DC00E6E5AE /* Sources */,
				3FFC56E0262410DC00E6E5AE /* Frameworks */,
				3FFC56E1262410DC00E6E5AE /* Resources */,
			);
			buildRules = (
			);
			dependencies = (
			);
			name = "Cat-Demo";
			productName = "Cat-Demo";
			productReference = 3FFC56E3262410DC00E6E5AE /* Cat-Demo.app */;
			productType = "com.apple.product-type.application";
		};
		3FFC56F8262410DC00E6E5AE /* Cat-DemoTests */ = {
			isa = PBXNativeTarget;
			buildConfigurationList = 3FFC5710262410DC00E6E5AE /* Build configuration list for PBXNativeTarget "Cat-DemoTests" */;
			buildPhases = (
				3FFC56F5262410DC00E6E5AE /* Sources */,
				3FFC56F6262410DC00E6E5AE /* Frameworks */,
				3FFC56F7262410DC00E6E5AE /* Resources */,
			);
			buildRules = (
			);
			dependencies = (
				3FFC56FB262410DC00E6E5AE /* PBXTargetDependency */,
			);
			name = "Cat-DemoTests";
			productName = "Cat-DemoTests";
			productReference = 3FFC56F9262410DC00E6E5AE /* Cat-DemoTests.xctest */;
			productType = "com.apple.product-type.bundle.unit-test";
		};
		3FFC5703262410DC00E6E5AE /* Cat-DemoUITests */ = {
			isa = PBXNativeTarget;
			buildConfigurationList = 3FFC5713262410DC00E6E5AE /* Build configuration list for PBXNativeTarget "Cat-DemoUITests" */;
			buildPhases = (
				3FFC5700262410DC00E6E5AE /* Sources */,
				3FFC5701262410DC00E6E5AE /* Frameworks */,
				3FFC5702262410DC00E6E5AE /* Resources */,
			);
			buildRules = (
			);
			dependencies = (
				3FFC5706262410DC00E6E5AE /* PBXTargetDependency */,
			);
			name = "Cat-DemoUITests";
			productName = "Cat-DemoUITests";
			productReference = 3FFC5704262410DC00E6E5AE /* Cat-DemoUITests.xctest */;
			productType = "com.apple.product-type.bundle.ui-testing";
		};
/* End PBXNativeTarget section */

/* Begin PBXProject section */
		3FFC56DB262410DC00E6E5AE /* Project object */ = {
			isa = PBXProject;
			attributes = {
				LastSwiftUpdateCheck = 1240;
				LastUpgradeCheck = 1240;
				TargetAttributes = {
					3FFC56E2262410DC00E6E5AE = {
						CreatedOnToolsVersion = 12.4;
					};
					3FFC56F8262410DC00E6E5AE = {
						CreatedOnToolsVersion = 12.4;
						TestTargetID = 3FFC56E2262410DC00E6E5AE;
					};
					3FFC5703262410DC00E6E5AE = {
						CreatedOnToolsVersion = 12.4;
						TestTargetID = 3FFC56E2262410DC00E6E5AE;
					};
				};
			};
			buildConfigurationList = 3FFC56DE262410DC00E6E5AE /* Build configuration list for PBXProject "Cat-Demo" */;
			compatibilityVersion = "Xcode 9.3";
			developmentRegion = en;
			hasScannedForEncodings = 0;
			knownRegions = (
				en,
				Base,
			);
			mainGroup = 3FFC56DA262410DC00E6E5AE;
			productRefGroup = 3FFC56E4262410DC00E6E5AE /* Products */;
			projectDirPath = "";
			projectRoot = "";
			targets = (
				3FFC56E2262410DC00E6E5AE /* Cat-Demo */,
				3FFC56F8262410DC00E6E5AE /* Cat-DemoTests */,
				3FFC5703262410DC00E6E5AE /* Cat-DemoUITests */,
			);
		};
/* End PBXProject section */

/* Begin PBXResourcesBuildPhase section */
		3FFC56E1262410DC00E6E5AE /* Resources */ = {
			isa = PBXResourcesBuildPhase;
			buildActionMask = 2147483647;
			files = (
				3FFC56F3262410DC00E6E5AE /* LaunchScreen.storyboard in Resources */,
				3FFC56F0262410DC00E6E5AE /* Assets.xcassets in Resources */,
				3FFC56EE262410DC00E6E5AE /* Main.storyboard in Resources */,
			);
			runOnlyForDeploymentPostprocessing = 0;
		};
		3FFC56F7262410DC00E6E5AE /* Resources */ = {
			isa = PBXResourcesBuildPhase;
			buildActionMask = 2147483647;
			files = (
			);
			runOnlyForDeploymentPostprocessing = 0;
		};
		3FFC5702262410DC00E6E5AE /* Resources */ = {
			isa = PBXResourcesBuildPhase;
			buildActionMask = 2147483647;
			files = (
			);
			runOnlyForDeploymentPostprocessing = 0;
		};
/* End PBXResourcesBuildPhase section */

/* Begin PBXSourcesBuildPhase section */
		3FFC56DF262410DC00E6E5AE /* Sources */ = {
			isa = PBXSourcesBuildPhase;
			buildActionMask = 2147483647;
			files = (
				3FFC5725262411B900E6E5AE /* CatModels.swift in Sources */,
				3FFC56EB262410DC00E6E5AE /* ViewController.swift in Sources */,
				936C77F32F495000006DDBF0 /* AppCompositionRoot.swift in Sources */,
				936C77DE2F4926A6006DDBF0 /* CatBreedsRepositoryProtocol.swift in Sources */,
				936C77DF2F4926A6006DDBF0 /* CatImagesRepositoryProtocol.swift in Sources */,
				936C77B82F490C64006DDBF0 /* HTTPMethod.swift in Sources */,
				936C77B92F490C64006DDBF0 /* APIEndpoint.swift in Sources */,
				936C77BA2F490C64006DDBF0 /* CatAPIEndpoints.swift in Sources */,
				936C77BB2F490C64006DDBF0 /* NetworkError.swift in Sources */,
				936C77BC2F490C64006DDBF0 /* URLSessioning.swift in Sources */,
				936C77C22F491000006DDBF0 /* APIClient.swift in Sources */,
				936C77C32F491000006DDBF0 /* CatBreedsRepository.swift in Sources */,
				936C77C42F491000006DDBF0 /* CatImagesRepository.swift in Sources */,
				936C77C52F491000006DDBF0 /* FetchAllCatBreedsUseCase.swift in Sources */,
				936C77C62F491000006DDBF0 /* FetchCatImageUseCase.swift in Sources */,
				3FFC56E7262410DC00E6E5AE /* AppDelegate.swift in Sources */,
				3FFC572D262412DF00E6E5AE /* ViewModel.swift in Sources */,
				3FFC56E9262410DC00E6E5AE /* SceneDelegate.swift in Sources */,
			);
			runOnlyForDeploymentPostprocessing = 0;
		};
		3FFC56F5262410DC00E6E5AE /* Sources */ = {
			isa = PBXSourcesBuildPhase;
			buildActionMask = 2147483647;
			files = (
				3FFC56FE262410DC00E6E5AE /* Cat_DemoTests.swift in Sources */,
			);
			runOnlyForDeploymentPostprocessing = 0;
		};
		3FFC5700262410DC00E6E5AE /* Sources */ = {
			isa = PBXSourcesBuildPhase;
			buildActionMask = 2147483647;
			files = (
				3FFC5709262410DC00E6E5AE /* Cat_DemoUITests.swift in Sources */,
			);
			runOnlyForDeploymentPostprocessing = 0;
		};
/* End PBXSourcesBuildPhase section */

/* Begin PBXTargetDependency section */
		3FFC56FB262410DC00E6E5AE /* PBXTargetDependency */ = {
			isa = PBXTargetDependency;
			target = 3FFC56E2262410DC00E6E5AE /* Cat-Demo */;
			targetProxy = 3FFC56FA262410DC00E6E5AE /* PBXContainerItemProxy */;
		};
		3FFC5706262410DC00E6E5AE /* PBXTargetDependency */ = {
			isa = PBXTargetDependency;
			target = 3FFC56E2262410DC00E6E5AE /* Cat-Demo */;
			targetProxy = 3FFC5705262410DC00E6E5AE /* PBXContainerItemProxy */;
		};
/* End PBXTargetDependency section */

/* Begin PBXVariantGroup section */
		3FFC56EC262410DC00E6E5AE /* Main.storyboard */ = {
			isa = PBXVariantGroup;
			children = (
				3FFC56ED262410DC00E6E5AE /* Base */,
			);
			name = Main.storyboard;
			sourceTree = "<group>";
		};
		3FFC56F1262410DC00E6E5AE /* LaunchScreen.storyboard */ = {
			isa = PBXVariantGroup;
			children = (
				3FFC56F2262410DC00E6E5AE /* Base */,
			);
			name = LaunchScreen.storyboard;
			sourceTree = "<group>";
		};
/* End PBXVariantGroup section */

/* Begin XCBuildConfiguration section */
		3FFC570B262410DC00E6E5AE /* Debug */ = {
			isa = XCBuildConfiguration;
			buildSettings = {
				ALWAYS_SEARCH_USER_PATHS = NO;
				CLANG_ANALYZER_NONNULL = YES;
				CLANG_ANALYZER_NUMBER_OBJECT_CONVERSION = YES_AGGRESSIVE;
				CLANG_CXX_LANGUAGE_STANDARD = "gnu++14";
				CLANG_CXX_LIBRARY = "libc++";
				CLANG_ENABLE_MODULES = YES;
				CLANG_ENABLE_OBJC_ARC = YES;
				CLANG_ENABLE_OBJC_WEAK = YES;
				CLANG_WARN_BLOCK_CAPTURE_AUTORELEASING = YES;
				CLANG_WARN_BOOL_CONVERSION = YES;
				CLANG_WARN_COMMA = YES;
				CLANG_WARN_CONSTANT_CONVERSION = YES;
				CLANG_WARN_DEPRECATED_OBJC_IMPLEMENTATIONS = YES;
				CLANG_WARN_DIRECT_OBJC_ISA_USAGE = YES_ERROR;
				CLANG_WARN_DOCUMENTATION_COMMENTS = YES;
				CLANG_WARN_EMPTY_BODY = YES;
				CLANG_WARN_ENUM_CONVERSION = YES;
				CLANG_WARN_INFINITE_RECURSION = YES;
				CLANG_WARN_INT_CONVERSION = YES;
				CLANG_WARN_NON_LITERAL_NULL_CONVERSION = YES;
				CLANG_WARN_OBJC_IMPLICIT_RETAIN_SELF = YES;
				CLANG_WARN_OBJC_LITERAL_CONVERSION = YES;
				CLANG_WARN_OBJC_ROOT_CLASS = YES_ERROR;
				CLANG_WARN_QUOTED_INCLUDE_IN_FRAMEWORK_HEADER = YES;
				CLANG_WARN_RANGE_LOOP_ANALYSIS = YES;
				CLANG_WARN_STRICT_PROTOTYPES = YES;
				CLANG_WARN_SUSPICIOUS_MOVE = YES;
				CLANG_WARN_UNGUARDED_AVAILABILITY = YES_AGGRESSIVE;
				CLANG_WARN_UNREACHABLE_CODE = YES;
				CLANG_WARN__DUPLICATE_METHOD_MATCH = YES;
				COPY_PHASE_STRIP = NO;
				DEBUG_INFORMATION_FORMAT = dwarf;
				ENABLE_STRICT_OBJC_MSGSEND = YES;
				ENABLE_TESTABILITY = YES;
				GCC_C_LANGUAGE_STANDARD = gnu11;
				GCC_DYNAMIC_NO_PIC = NO;
				GCC_NO_COMMON_BLOCKS = YES;
				GCC_OPTIMIZATION_LEVEL = 0;
				GCC_PREPROCESSOR_DEFINITIONS = (
					"DEBUG=1",
					"$(inherited)",
				);
				GCC_WARN_64_TO_32_BIT_CONVERSION = YES;
				GCC_WARN_ABOUT_RETURN_TYPE = YES_ERROR;
				GCC_WARN_UNDECLARED_SELECTOR = YES;
				GCC_WARN_UNINITIALIZED_AUTOS = YES_AGGRESSIVE;
				GCC_WARN_UNUSED_FUNCTION = YES;
				GCC_WARN_UNUSED_VARIABLE = YES;
				IPHONEOS_DEPLOYMENT_TARGET = 16.0;
				MTL_ENABLE_DEBUG_INFO = INCLUDE_SOURCE;
				MTL_FAST_MATH = YES;
				ONLY_ACTIVE_ARCH = YES;
				SDKROOT = iphoneos;
				SWIFT_ACTIVE_COMPILATION_CONDITIONS = DEBUG;
				SWIFT_OPTIMIZATION_LEVEL = "-Onone";
			};
			name = Debug;
		};
		3FFC570C262410DC00E6E5AE /* Release */ = {
			isa = XCBuildConfiguration;
			buildSettings = {
				ALWAYS_SEARCH_USER_PATHS = NO;
				CLANG_ANALYZER_NONNULL = YES;
				CLANG_ANALYZER_NUMBER_OBJECT_CONVERSION = YES_AGGRESSIVE;
				CLANG_CXX_LANGUAGE_STANDARD = "gnu++14";
				CLANG_CXX_LIBRARY = "libc++";
				CLANG_ENABLE_MODULES = YES;
				CLANG_ENABLE_OBJC_ARC = YES;
				CLANG_ENABLE_OBJC_WEAK = YES;
				CLANG_WARN_BLOCK_CAPTURE_AUTORELEASING = YES;
				CLANG_WARN_BOOL_CONVERSION = YES;
				CLANG_WARN_COMMA = YES;
				CLANG_WARN_CONSTANT_CONVERSION = YES;
				CLANG_WARN_DEPRECATED_OBJC_IMPLEMENTATIONS = YES;
				CLANG_WARN_DIRECT_OBJC_ISA_USAGE = YES_ERROR;
				CLANG_WARN_DOCUMENTATION_COMMENTS = YES;
				CLANG_WARN_EMPTY_BODY = YES;
				CLANG_WARN_ENUM_CONVERSION = YES;
				CLANG_WARN_INFINITE_RECURSION = YES;
				CLANG_WARN_INT_CONVERSION = YES;
				CLANG_WARN_NON_LITERAL_NULL_CONVERSION = YES;
				CLANG_WARN_OBJC_IMPLICIT_RETAIN_SELF = YES;
				CLANG_WARN_OBJC_LITERAL_CONVERSION = YES;
				CLANG_WARN_OBJC_ROOT_CLASS = YES_ERROR;
				CLANG_WARN_QUOTED_INCLUDE_IN_FRAMEWORK_HEADER = YES;
				CLANG_WARN_RANGE_LOOP_ANALYSIS = YES;
				CLANG_WARN_STRICT_PROTOTYPES = YES;
				CLANG_WARN_SUSPICIOUS_MOVE = YES;
				CLANG_WARN_UNGUARDED_AVAILABILITY = YES_AGGRESSIVE;
				CLANG_WARN_UNREACHABLE_CODE = YES;
				CLANG_WARN__DUPLICATE_METHOD_MATCH = YES;
				COPY_PHASE_STRIP = NO;
				DEBUG_INFORMATION_FORMAT = "dwarf-with-dsym";
				ENABLE_NS_ASSERTIONS = NO;
				ENABLE_STRICT_OBJC_MSGSEND = YES;
				GCC_C_LANGUAGE_STANDARD = gnu11;
				GCC_NO_COMMON_BLOCKS = YES;
				GCC_WARN_64_TO_32_BIT_CONVERSION = YES;
				GCC_WARN_ABOUT_RETURN_TYPE = YES_ERROR;
				GCC_WARN_UNDECLARED_SELECTOR = YES;
				GCC_WARN_UNINITIALIZED_AUTOS = YES_AGGRESSIVE;
				GCC_WARN_UNUSED_FUNCTION = YES;
				GCC_WARN_UNUSED_VARIABLE = YES;
				IPHONEOS_DEPLOYMENT_TARGET = 16.0;
				MTL_ENABLE_DEBUG_INFO = NO;
				MTL_FAST_MATH = YES;
				SDKROOT = iphoneos;
				SWIFT_COMPILATION_MODE = wholemodule;
				SWIFT_OPTIMIZATION_LEVEL = "-O";
				VALIDATE_PRODUCT = YES;
			};
			name = Release;
		};
		3FFC570E262410DC00E6E5AE /* Debug */ = {
			isa = XCBuildConfiguration;
			buildSettings = {
				ASSETCATALOG_COMPILER_APPICON_NAME = AppIcon;
				ASSETCATALOG_COMPILER_GLOBAL_ACCENT_COLOR_NAME = AccentColor;
				CODE_SIGN_STYLE = Automatic;
				INFOPLIST_FILE = "Cat-Demo/Info.plist";
				LD_RUNPATH_SEARCH_PATHS = (
					"$(inherited)",
					"@executable_path/Frameworks",
				);
				PRODUCT_BUNDLE_IDENTIFIER = "com.intuit.Cat-Demo";
				PRODUCT_NAME = "$(TARGET_NAME)";
				SWIFT_VERSION = 5.0;
				TARGETED_DEVICE_FAMILY = "1,2";
			};
			name = Debug;
		};
		3FFC570F262410DC00E6E5AE /* Release */ = {
			isa = XCBuildConfiguration;
			buildSettings = {
				ASSETCATALOG_COMPILER_APPICON_NAME = AppIcon;
				ASSETCATALOG_COMPILER_GLOBAL_ACCENT_COLOR_NAME = AccentColor;
				CODE_SIGN_STYLE = Automatic;
				INFOPLIST_FILE = "Cat-Demo/Info.plist";
				LD_RUNPATH_SEARCH_PATHS = (
					"$(inherited)",
					"@executable_path/Frameworks",
				);
				PRODUCT_BUNDLE_IDENTIFIER = "com.intuit.Cat-Demo";
				PRODUCT_NAME = "$(TARGET_NAME)";
				SWIFT_VERSION = 5.0;
				TARGETED_DEVICE_FAMILY = "1,2";
			};
			name = Release;
		};
		3FFC5711262410DC00E6E5AE /* Debug */ = {
			isa = XCBuildConfiguration;
			buildSettings = {
				ALWAYS_EMBED_SWIFT_STANDARD_LIBRARIES = YES;
				BUNDLE_LOADER = "$(TEST_HOST)";
				CODE_SIGN_STYLE = Automatic;
				INFOPLIST_FILE = "Cat-DemoTests/Info.plist";
				IPHONEOS_DEPLOYMENT_TARGET = 16.0;
				LD_RUNPATH_SEARCH_PATHS = (
					"$(inherited)",
					"@executable_path/Frameworks",
					"@loader_path/Frameworks",
				);
				PRODUCT_BUNDLE_IDENTIFIER = "com.intuit.Cat-DemoTests";
				PRODUCT_NAME = "$(TARGET_NAME)";
				SWIFT_VERSION = 5.0;
				TARGETED_DEVICE_FAMILY = "1,2";
				TEST_HOST = "$(BUILT_PRODUCTS_DIR)/Cat-Demo.app/Cat-Demo";
			};
			name = Debug;
		};
		3FFC5712262410DC00E6E5AE /* Release */ = {
			isa = XCBuildConfiguration;
			buildSettings = {
				ALWAYS_EMBED_SWIFT_STANDARD_LIBRARIES = YES;
				BUNDLE_LOADER = "$(TEST_HOST)";
				CODE_SIGN_STYLE = Automatic;
				INFOPLIST_FILE = "Cat-DemoTests/Info.plist";
				IPHONEOS_DEPLOYMENT_TARGET = 16.0;
				LD_RUNPATH_SEARCH_PATHS = (
					"$(inherited)",
					"@executable_path/Frameworks",
					"@loader_path/Frameworks",
				);
				PRODUCT_BUNDLE_IDENTIFIER = "com.intuit.Cat-DemoTests";
				PRODUCT_NAME = "$(TARGET_NAME)";
				SWIFT_VERSION = 5.0;
				TARGETED_DEVICE_FAMILY = "1,2";
				TEST_HOST = "$(BUILT_PRODUCTS_DIR)/Cat-Demo.app/Cat-Demo";
			};
			name = Release;
		};
		3FFC5714262410DC00E6E5AE /* Debug */ = {
			isa = XCBuildConfiguration;
			buildSettings = {
				ALWAYS_EMBED_SWIFT_STANDARD_LIBRARIES = YES;
				CODE_SIGN_STYLE = Automatic;
				INFOPLIST_FILE = "Cat-DemoUITests/Info.plist";
				LD_RUNPATH_SEARCH_PATHS = (
					"$(inherited)",
					"@executable_path/Frameworks",
					"@loader_path/Frameworks",
				);
				PRODUCT_BUNDLE_IDENTIFIER = "com.intuit.Cat-DemoUITests";
				PRODUCT_NAME = "$(TARGET_NAME)";
				SWIFT_VERSION = 5.0;
				TARGETED_DEVICE_FAMILY = "1,2";
				TEST_TARGET_NAME = "Cat-Demo";
			};
			name = Debug;
		};
		3FFC5715262410DC00E6E5AE /* Release */ = {
			isa = XCBuildConfiguration;
			buildSettings = {
				ALWAYS_EMBED_SWIFT_STANDARD_LIBRARIES = YES;
				CODE_SIGN_STYLE = Automatic;
				INFOPLIST_FILE = "Cat-DemoUITests/Info.plist";
				LD_RUNPATH_SEARCH_PATHS = (
					"$(inherited)",
					"@executable_path/Frameworks",
					"@loader_path/Frameworks",
				);
				PRODUCT_BUNDLE_IDENTIFIER = "com.intuit.Cat-DemoUITests";
				PRODUCT_NAME = "$(TARGET_NAME)";
				SWIFT_VERSION = 5.0;
				TARGETED_DEVICE_FAMILY = "1,2";
				TEST_TARGET_NAME = "Cat-Demo";
			};
			name = Release;
		};
/* End XCBuildConfiguration section */

/* Begin XCConfigurationList section */
		3FFC56DE262410DC00E6E5AE /* Build configuration list for PBXProject "Cat-Demo" */ = {
			isa = XCConfigurationList;
			buildConfigurations = (
				3FFC570B262410DC00E6E5AE /* Debug */,
				3FFC570C262410DC00E6E5AE /* Release */,
			);
			defaultConfigurationIsVisible = 0;
			defaultConfigurationName = Release;
		};
		3FFC570D262410DC00E6E5AE /* Build configuration list for PBXNativeTarget "Cat-Demo" */ = {
			isa = XCConfigurationList;
			buildConfigurations = (
				3FFC570E262410DC00E6E5AE /* Debug */,
				3FFC570F262410DC00E6E5AE /* Release */,
			);
			defaultConfigurationIsVisible = 0;
			defaultConfigurationName = Release;
		};
		3FFC5710262410DC00E6E5AE /* Build configuration list for PBXNativeTarget "Cat-DemoTests" */ = {
			isa = XCConfigurationList;
			buildConfigurations = (
				3FFC5711262410DC00E6E5AE /* Debug */,
				3FFC5712262410DC00E6E5AE /* Release */,
			);
			defaultConfigurationIsVisible = 0;
			defaultConfigurationName = Release;
		};
		3FFC5713262410DC00E6E5AE /* Build configuration list for PBXNativeTarget "Cat-DemoUITests" */ = {
			isa = XCConfigurationList;
			buildConfigurations = (
				3FFC5714262410DC00E6E5AE /* Debug */,
				3FFC5715262410DC00E6E5AE /* Release */,
			);
			defaultConfigurationIsVisible = 0;
			defaultConfigurationName = Release;
		};
/* End XCConfigurationList section */
	};
	rootObject = 3FFC56DB262410DC00E6E5AE /* Project object */;
}
